
Microsoft Visual Studio Solution File, Format Version 12.00
# Visual Studio Version 16
VisualStudioVersion = 16.0.29102.190
MinimumVisualStudioVersion = 10.0.40219.1
Project("{FAE04EC0-301F-11D3-BF4B-00C04F79EFBC}") = "DataGridShowDeleteConfirmation", "DataGridShowDeleteConfirmation\DataGridShowDeleteConfirmation.csproj", "{2553B250-96BE-4A10-9077-B70A65ABE9EF}"
EndProject
Global
	GlobalSection(SolutionConfigurationPlatforms) = preSolution
		Debug|Any CPU = Debug|Any CPU
		Release|Any CPU = Release|Any CPU
	EndGlobalSection
	GlobalSection(ProjectConfigurationPlatforms) = postSolution
		{2553B250-96BE-4A10-9077-B70A65ABE9EF}.Debug|Any CPU.ActiveCfg = Debug|Any CPU
		{2553B250-96BE-4A10-9077-B70A65ABE9EF}.Debug|Any CPU.Build.0 = Debug|Any CPU
		{2553B250-96BE-4A10-9077-B70A65ABE9EF}.Release|Any CPU.ActiveCfg = Release|Any CPU
		{2553B250-96BE-4A10-9077-B70A65ABE9EF}.Release|Any CPU.Build.0 = Release|Any CPU
	EndGlobalSection
	GlobalSection(SolutionProperties) = preSolution
		HideSolutionNode = FALSE
	EndGlobalSection
	GlobalSection(ExtensibilityGlobals) = postSolution
		SolutionGuid = {E4CFB050-A4F5-4657-92AC-D4122497E385}
	EndGlobalSection
EndGlobal
