
Microsoft Visual Studio Solution File, Format Version 12.00
# Visual Studio Version 16
VisualStudioVersion = 16.0.29102.190
MinimumVisualStudioVersion = 10.0.40219.1
Project("{FAE04EC0-301F-11D3-BF4B-00C04F79EFBC}") = "CascadingDataGrids", "CascadingDataGrids\CascadingDataGrids.csproj", "{CF8343C0-79D1-4E8F-AB5B-2B10CFC58150}"
EndProject
Global
	GlobalSection(SolutionConfigurationPlatforms) = preSolution
		Debug|Any CPU = Debug|Any CPU
		Release|Any CPU = Release|Any CPU
	EndGlobalSection
	GlobalSection(ProjectConfigurationPlatforms) = postSolution
		{CF8343C0-79D1-4E8F-AB5B-2B10CFC58150}.Debug|Any CPU.ActiveCfg = Debug|Any CPU
		{CF8343C0-79D1-4E8F-AB5B-2B10CFC58150}.Debug|Any CPU.Build.0 = Debug|Any CPU
		{CF8343C0-79D1-4E8F-AB5B-2B10CFC58150}.Release|Any CPU.ActiveCfg = Release|Any CPU
		{CF8343C0-79D1-4E8F-AB5B-2B10CFC58150}.Release|Any CPU.Build.0 = Release|Any CPU
	EndGlobalSection
	GlobalSection(SolutionProperties) = preSolution
		HideSolutionNode = FALSE
	EndGlobalSection
	GlobalSection(ExtensibilityGlobals) = postSolution
		SolutionGuid = {322634B5-716F-48E7-89CB-64FBC1839CC0}
	EndGlobalSection
EndGlobal
